
Microsoft Visual Studio Solution File, Format Version 12.00
# Visual Studio Version 16
VisualStudioVersion = 16.0.28803.452
MinimumVisualStudioVersion = 10.0.40219.1
Project("{FAE04EC0-301F-11D3-BF4B-00C04F79EFBC}") = "VcsRental", "VcsRental\VcsRental.csproj", "{EFC0A926-CE58-4CA5-B65B-338DD46CC193}"
EndProject
Global
	GlobalSection(SolutionConfigurationPlatforms) = preSolution
		Debug|Any CPU = Debug|Any CPU
		Release|Any CPU = Release|Any CPU
	EndGlobalSection
	GlobalSection(ProjectConfigurationPlatforms) = postSolution
		{EFC0A926-CE58-4CA5-B65B-338DD46CC193}.Debug|Any CPU.ActiveCfg = Debug|Any CPU
		{EFC0A926-CE58-4CA5-B65B-338DD46CC193}.Debug|Any CPU.Build.0 = Debug|Any CPU
		{EFC0A926-CE58-4CA5-B65B-338DD46CC193}.Release|Any CPU.ActiveCfg = Release|Any CPU
		{EFC0A926-CE58-4CA5-B65B-338DD46CC193}.Release|Any CPU.Build.0 = Release|Any CPU
	EndGlobalSection
	GlobalSection(SolutionProperties) = preSolution
		HideSolutionNode = FALSE
	EndGlobalSection
	GlobalSection(ExtensibilityGlobals) = postSolution
		SolutionGuid = {314939E4-BDBE-42CA-BB5F-0748B853E638}
	EndGlobalSection
EndGlobal
